
Microsoft Visual Studio Solution File, Format Version 12.00
# Visual Studio 14
VisualStudioVersion = 14.0.25420.1
MinimumVisualStudioVersion = 10.0.40219.1
Project("{FAE04EC0-301F-11D3-BF4B-00C04F79EFBC}") = "AInBox.Astove.Core", "AInBox.Astove.Core\AInBox.Astove.Core.csproj", "{EA9C8EC7-1428-419D-B328-D2929216F1BF}"
EndProject
Project("{FAE04EC0-301F-11D3-BF4B-00C04F79EFBC}") = "Astove.BlurAdmin.Model", "Astove.BlurAdmin.Model\Astove.BlurAdmin.Model.csproj", "{CD2580DD-B369-40F8-AD35-024E225BD9ED}"
EndProject
Project("{FAE04EC0-301F-11D3-BF4B-00C04F79EFBC}") = "Astove.BlurAdmin.WebApi", "Astove.BlurAdmin.WebApi\Astove.BlurAdmin.WebApi.csproj", "{DF11034D-6410-4501-BC5F-2CCF2C3DC79B}"
EndProject
Project("{2150E333-8FDC-42A3-9474-1A3956D46DE8}") = "UnitTests", "UnitTests", "{DC236F38-CFB6-4E1F-AC3B-3DAAE2A89733}"
EndProject
Project("{2150E333-8FDC-42A3-9474-1A3956D46DE8}") = "Core", "Core", "{9B89E968-F02F-4555-A1D8-106EA52C0560}"
EndProject
Project("{2150E333-8FDC-42A3-9474-1A3956D46DE8}") = "Client", "Client", "{0AA11A8A-0727-472B-A55B-1C86611F6C69}"
EndProject
Project("{FAE04EC0-301F-11D3-BF4B-00C04F79EFBC}") = "Astove.BlurAdmin.Data", "Astove.BlurAdmin.Data\Astove.BlurAdmin.Data.csproj", "{63FAFEEB-48DA-4878-8F10-AC2DFA52300A}"
EndProject
Project("{FAE04EC0-301F-11D3-BF4B-00C04F79EFBC}") = "Astove.BlurAdmin.Data.Tests", "Astove.BlurAdmin.Data.Tests\Astove.BlurAdmin.Data.Tests.csproj", "{B6900B46-4E62-4314-95EC-888FFBC08EBA}"
EndProject
Project("{FAE04EC0-301F-11D3-BF4B-00C04F79EFBC}") = "Astove.BlurAdmin.Services", "Astove.BlurAdmin.Services\Astove.BlurAdmin.Services.csproj", "{3FEC0F96-D53E-4EC4-AB94-0EE247D3858B}"
EndProject
Project("{FAE04EC0-301F-11D3-BF4B-00C04F79EFBC}") = "Astove.BlurAdmin.Services.Tests", "Astove.BlurAdmin.Services.Tests\Astove.BlurAdmin.Services.Tests.csproj", "{98C2A84D-1D72-4D43-A863-F5300B594D30}"
EndProject
Project("{2150E333-8FDC-42A3-9474-1A3956D46DE8}") = "API", "API", "{A059E055-0A87-47B6-8990-C2B4576EB319}"
EndProject
Project("{FAE04EC0-301F-11D3-BF4B-00C04F79EFBC}") = "Astove.BlurAdmin.WebApi.Tests", "Astove.BlurAdmin.WebApi.Tests\Astove.BlurAdmin.WebApi.Tests.csproj", "{9D94AC6A-83D9-4E6D-8828-2ACA2CC9ADFC}"
EndProject
Project("{FAE04EC0-301F-11D3-BF4B-00C04F79EFBC}") = "Astove.BlurAdmin.Web", "Astove.BlurAdmin.Web\Astove.BlurAdmin.Web.csproj", "{1DC7F820-C597-4BFA-956D-FE6B07DA6CB4}"
EndProject
Project("{FAE04EC0-301F-11D3-BF4B-00C04F79EFBC}") = "Astove.BlurAdmin.Web.Tests", "Astove.BlurAdmin.Web.Tests\Astove.BlurAdmin.Web.Tests.csproj", "{E4A07060-AA03-421C-80E7-C21AE9926C80}"
EndProject
Project("{FAE04EC0-301F-11D3-BF4B-00C04F79EFBC}") = "AInBox.Astove.Core.Tests", "AInBox.Astove.Core.Tests\AInBox.Astove.Core.Tests.csproj", "{382924DC-90E3-4F31-9048-6E8EEF66A404}"
EndProject
Global
	GlobalSection(SolutionConfigurationPlatforms) = preSolution
		Debug|Any CPU = Debug|Any CPU
		Release|Any CPU = Release|Any CPU
	EndGlobalSection
	GlobalSection(ProjectConfigurationPlatforms) = postSolution
		{EA9C8EC7-1428-419D-B328-D2929216F1BF}.Debug|Any CPU.ActiveCfg = Debug|Any CPU
		{EA9C8EC7-1428-419D-B328-D2929216F1BF}.Debug|Any CPU.Build.0 = Debug|Any CPU
		{EA9C8EC7-1428-419D-B328-D2929216F1BF}.Release|Any CPU.ActiveCfg = Release|Any CPU
		{EA9C8EC7-1428-419D-B328-D2929216F1BF}.Release|Any CPU.Build.0 = Release|Any CPU
		{CD2580DD-B369-40F8-AD35-024E225BD9ED}.Debug|Any CPU.ActiveCfg = Debug|Any CPU
		{CD2580DD-B369-40F8-AD35-024E225BD9ED}.Debug|Any CPU.Build.0 = Debug|Any CPU
		{CD2580DD-B369-40F8-AD35-024E225BD9ED}.Release|Any CPU.ActiveCfg = Release|Any CPU
		{CD2580DD-B369-40F8-AD35-024E225BD9ED}.Release|Any CPU.Build.0 = Release|Any CPU
		{DF11034D-6410-4501-BC5F-2CCF2C3DC79B}.Debug|Any CPU.ActiveCfg = Debug|Any CPU
		{DF11034D-6410-4501-BC5F-2CCF2C3DC79B}.Debug|Any CPU.Build.0 = Debug|Any CPU
		{DF11034D-6410-4501-BC5F-2CCF2C3DC79B}.Release|Any CPU.ActiveCfg = Release|Any CPU
		{DF11034D-6410-4501-BC5F-2CCF2C3DC79B}.Release|Any CPU.Build.0 = Release|Any CPU
		{63FAFEEB-48DA-4878-8F10-AC2DFA52300A}.Debug|Any CPU.ActiveCfg = Debug|Any CPU
		{63FAFEEB-48DA-4878-8F10-AC2DFA52300A}.Debug|Any CPU.Build.0 = Debug|Any CPU
		{63FAFEEB-48DA-4878-8F10-AC2DFA52300A}.Release|Any CPU.ActiveCfg = Release|Any CPU
		{63FAFEEB-48DA-4878-8F10-AC2DFA52300A}.Release|Any CPU.Build.0 = Release|Any CPU
		{B6900B46-4E62-4314-95EC-888FFBC08EBA}.Debug|Any CPU.ActiveCfg = Debug|Any CPU
		{B6900B46-4E62-4314-95EC-888FFBC08EBA}.Debug|Any CPU.Build.0 = Debug|Any CPU
		{B6900B46-4E62-4314-95EC-888FFBC08EBA}.Release|Any CPU.ActiveCfg = Release|Any CPU
		{B6900B46-4E62-4314-95EC-888FFBC08EBA}.Release|Any CPU.Build.0 = Release|Any CPU
		{3FEC0F96-D53E-4EC4-AB94-0EE247D3858B}.Debug|Any CPU.ActiveCfg = Debug|Any CPU
		{3FEC0F96-D53E-4EC4-AB94-0EE247D3858B}.Debug|Any CPU.Build.0 = Debug|Any CPU
		{3FEC0F96-D53E-4EC4-AB94-0EE247D3858B}.Release|Any CPU.ActiveCfg = Release|Any CPU
		{3FEC0F96-D53E-4EC4-AB94-0EE247D3858B}.Release|Any CPU.Build.0 = Release|Any CPU
		{98C2A84D-1D72-4D43-A863-F5300B594D30}.Debug|Any CPU.ActiveCfg = Debug|Any CPU
		{98C2A84D-1D72-4D43-A863-F5300B594D30}.Debug|Any CPU.Build.0 = Debug|Any CPU
		{98C2A84D-1D72-4D43-A863-F5300B594D30}.Release|Any CPU.ActiveCfg = Release|Any CPU
		{98C2A84D-1D72-4D43-A863-F5300B594D30}.Release|Any CPU.Build.0 = Release|Any CPU
		{9D94AC6A-83D9-4E6D-8828-2ACA2CC9ADFC}.Debug|Any CPU.ActiveCfg = Debug|Any CPU
		{9D94AC6A-83D9-4E6D-8828-2ACA2CC9ADFC}.Debug|Any CPU.Build.0 = Debug|Any CPU
		{9D94AC6A-83D9-4E6D-8828-2ACA2CC9ADFC}.Release|Any CPU.ActiveCfg = Release|Any CPU
		{9D94AC6A-83D9-4E6D-8828-2ACA2CC9ADFC}.Release|Any CPU.Build.0 = Release|Any CPU
		{1DC7F820-C597-4BFA-956D-FE6B07DA6CB4}.Debug|Any CPU.ActiveCfg = Debug|Any CPU
		{1DC7F820-C597-4BFA-956D-FE6B07DA6CB4}.Debug|Any CPU.Build.0 = Debug|Any CPU
		{1DC7F820-C597-4BFA-956D-FE6B07DA6CB4}.Release|Any CPU.ActiveCfg = Release|Any CPU
		{1DC7F820-C597-4BFA-956D-FE6B07DA6CB4}.Release|Any CPU.Build.0 = Release|Any CPU
		{E4A07060-AA03-421C-80E7-C21AE9926C80}.Debug|Any CPU.ActiveCfg = Debug|Any CPU
		{E4A07060-AA03-421C-80E7-C21AE9926C80}.Debug|Any CPU.Build.0 = Debug|Any CPU
		{E4A07060-AA03-421C-80E7-C21AE9926C80}.Release|Any CPU.ActiveCfg = Release|Any CPU
		{E4A07060-AA03-421C-80E7-C21AE9926C80}.Release|Any CPU.Build.0 = Release|Any CPU
		{382924DC-90E3-4F31-9048-6E8EEF66A404}.Debug|Any CPU.ActiveCfg = Debug|Any CPU
		{382924DC-90E3-4F31-9048-6E8EEF66A404}.Debug|Any CPU.Build.0 = Debug|Any CPU
		{382924DC-90E3-4F31-9048-6E8EEF66A404}.Release|Any CPU.ActiveCfg = Release|Any CPU
		{382924DC-90E3-4F31-9048-6E8EEF66A404}.Release|Any CPU.Build.0 = Release|Any CPU
	EndGlobalSection
	GlobalSection(SolutionProperties) = preSolution
		HideSolutionNode = FALSE
	EndGlobalSection
	GlobalSection(NestedProjects) = preSolution
		{EA9C8EC7-1428-419D-B328-D2929216F1BF} = {9B89E968-F02F-4555-A1D8-106EA52C0560}
		{CD2580DD-B369-40F8-AD35-024E225BD9ED} = {0AA11A8A-0727-472B-A55B-1C86611F6C69}
		{DF11034D-6410-4501-BC5F-2CCF2C3DC79B} = {A059E055-0A87-47B6-8990-C2B4576EB319}
		{63FAFEEB-48DA-4878-8F10-AC2DFA52300A} = {A059E055-0A87-47B6-8990-C2B4576EB319}
		{B6900B46-4E62-4314-95EC-888FFBC08EBA} = {DC236F38-CFB6-4E1F-AC3B-3DAAE2A89733}
		{3FEC0F96-D53E-4EC4-AB94-0EE247D3858B} = {A059E055-0A87-47B6-8990-C2B4576EB319}
		{98C2A84D-1D72-4D43-A863-F5300B594D30} = {DC236F38-CFB6-4E1F-AC3B-3DAAE2A89733}
		{9D94AC6A-83D9-4E6D-8828-2ACA2CC9ADFC} = {DC236F38-CFB6-4E1F-AC3B-3DAAE2A89733}
		{1DC7F820-C597-4BFA-956D-FE6B07DA6CB4} = {0AA11A8A-0727-472B-A55B-1C86611F6C69}
		{E4A07060-AA03-421C-80E7-C21AE9926C80} = {0AA11A8A-0727-472B-A55B-1C86611F6C69}
		{382924DC-90E3-4F31-9048-6E8EEF66A404} = {9B89E968-F02F-4555-A1D8-106EA52C0560}
	EndGlobalSection
EndGlobal
